{
  "version": 4,
  "terraform_version": "1.15.0",
  "serial": 24,
  "lineage": "a2f5c33d-8210-a33c-07dc-d978407809e6",
  "outputs": {},
  "resources": [
    {
      "mode": "managed",
      "type": "helm_release",
      "name": "hka",
      "provider": "provider[\"registry.terraform.io/hashicorp/helm\"]",
      "instances": [
        {
          "schema_version": 2,
          "attributes": {
            "atomic": false,
            "chart": "../helm/hka",
            "cleanup_on_fail": true,
            "create_namespace": false,
            "dependency_update": false,
            "description": null,
            "devel": null,
            "disable_crd_hooks": false,
            "disable_openapi_validation": false,
            "disable_webhooks": false,
            "force_update": false,
            "id": "hka",
            "keyring": null,
            "lint": true,
            "manifest": null,
            "max_history": 0,
            "metadata": {
              "app_version": "2026.4.1-buildpacks-bellsoft",
              "chart": "hka",
              "first_deployed": 1778745335,
              "last_deployed": 1778745335,
              "name": "hka",
              "namespace": "acme",
              "notes": "\n--------------------------------------------------------------------------------\nDas Release \"hka\" wurde mit dem Chart \"hka\" installiert.\n\nNützliche Kommandos:\n\n  helm status hka --namespace acme\n  helm get manifest hka --namespace acme\n\n  kubectl describe configmap hka --namespace acme\n  kubectl get configmap hka --output jsonpath='{.data}' --namespace acme\n\n========================================================================================================================\n\r\n",
              "revision": 1,
              "values": "{\"autoscaling\":{\"maxReplicas\":1},\"image\":{\"pullPolicy\":\"Never\"},\"livenessProbe\":{\"failureThreshold\":3,\"initialDelay\":90,\"period\":180,\"port\":8443,\"scheme\":\"HTTPS\",\"timeout\":30},\"profile\":\"dev\",\"progressDeadlineSeconds\":180,\"readinessProbe\":{\"failureThreshold\":3,\"initialDelay\":90,\"period\":180,\"port\":8443,\"scheme\":\"HTTPS\",\"timeout\":30},\"replicaCount\":1,\"resourcesLimits\":{\"memory\":\"1024Mi\"},\"resourcesRequests\":{\"memory\":\"768Mi\"},\"rollingUpdate\":{\"maxUnavailable\":0},\"startupProbe\":{\"failureThreshold\":30,\"httpGet\":{\"path\":\"/actuator/health/liveness\",\"port\":8443,\"scheme\":\"HTTPS\"},\"initialDelaySeconds\":10,\"periodSeconds\":10}}",
              "version": "2026.4.1"
            },
            "name": "hka",
            "namespace": "acme",
            "pass_credentials": false,
            "postrender": null,
            "recreate_pods": false,
            "render_subchart_notes": true,
            "replace": false,
            "repository": null,
            "repository_ca_file": null,
            "repository_cert_file": null,
            "repository_key_file": null,
            "repository_password": null,
            "repository_username": null,
            "reset_values": false,
            "resources": null,
            "reuse_values": false,
            "set": null,
            "set_list": null,
            "set_sensitive": null,
            "set_wo": null,
            "set_wo_revision": null,
            "skip_crds": false,
            "status": "deployed",
            "take_ownership": false,
            "timeout": 300,
            "timeouts": null,
            "upgrade_install": false,
            "values": [
              "autoscaling:\n  maxReplicas: 1\nreplicaCount: 1\nrollingUpdate:\n  maxUnavailable: 0\nprogressDeadlineSeconds: 180\nimage:\n  pullPolicy: Never\nprofile: dev\nresourcesRequests:\n  memory: 768Mi\nresourcesLimits:\n  memory: 1024Mi\nlivenessProbe:\n  initialDelay: 90\n  timeout: 30\n  period: 180\n  failureThreshold: 3\n  port: 8443\n  scheme: HTTPS\nreadinessProbe:\n  initialDelay: 90\n  timeout: 30\n  period: 180\n  failureThreshold: 3\n  port: 8443       # \u003c--- HIER HINZUFÜGEN\n  scheme: HTTPS\nstartupProbe:\n  httpGet:\n    path: /actuator/health/liveness\n    port: 8443\n    scheme: HTTPS\n  initialDelaySeconds: 10\n  periodSeconds: 10\n\n  failureThreshold: 30\n"
            ],
            "verify": false,
            "version": "2026.4.1",
            "wait": false,
            "wait_for_jobs": false
          },
          "sensitive_attributes": [
            [
              {
                "type": "get_attr",
                "value": "repository_password"
              }
            ]
          ],
          "identity_schema_version": 0,
          "identity": {
            "namespace": "acme",
            "release_name": "hka"
          }
        }
      ]
    }
  ],
  "check_results": null
}
